
Microsoft Visual Studio Solution File, Format Version 12.00
# Visual Studio Version 17
VisualStudioVersion = 17.11.35208.52
MinimumVisualStudioVersion = 10.0.40219.1
Project("{FAE04EC0-301F-11D3-BF4B-00C04F79EFBC}") = "AI-Game", "AI-Game.csproj", "{82A13BF7-928F-46FE-8DAA-F30B32D8F42D}"
EndProject
Global
	GlobalSection(SolutionConfigurationPlatforms) = preSolution
		Debug|Any CPU = Debug|Any CPU
		Release|Any CPU = Release|Any CPU
	EndGlobalSection
	GlobalSection(ProjectConfigurationPlatforms) = postSolution
		{82A13BF7-928F-46FE-8DAA-F30B32D8F42D}.Debug|Any CPU.ActiveCfg = Debug|Any CPU
		{82A13BF7-928F-46FE-8DAA-F30B32D8F42D}.Debug|Any CPU.Build.0 = Debug|Any CPU
		{82A13BF7-928F-46FE-8DAA-F30B32D8F42D}.Release|Any CPU.ActiveCfg = Release|Any CPU
		{82A13BF7-928F-46FE-8DAA-F30B32D8F42D}.Release|Any CPU.Build.0 = Release|Any CPU
	EndGlobalSection
	GlobalSection(SolutionProperties) = preSolution
		HideSolutionNode = FALSE
	EndGlobalSection
	GlobalSection(ExtensibilityGlobals) = postSolution
		SolutionGuid = {12DBD07A-465C-4ADD-B61A-679C6C3575B1}
	EndGlobalSection
EndGlobal
